{
  "version": 4,
  "terraform_version": "0.14.4",
  "serial": 1,
  "lineage": "14da9cfc-f7c9-5769-e23c-9b20cb19a403",
  "outputs": {},
  "resources": [
    {
      "module": "module.Log_Analytics_Workspace",
      "mode": "managed",
      "type": "azurerm_log_analytics_workspace",
      "name": "log_workspace",
      "provider": "provider[\"registry.terraform.io/hashicorp/azurerm\"]",
      "instances": [
        {
          "schema_version": 2,
          "attributes": {
            "daily_quota_gb": -1,
            "id": "/subscriptions/98a3cdd0-9d53-4f45-84b5-f5a3b58c1f5f/resourceGroups/testrg/providers/Microsoft.OperationalInsights/workspaces/test-lgworkspace",
            "internet_ingestion_enabled": true,
            "internet_query_enabled": true,
            "location": "eastus",
            "name": "test-lgworkspace",
            "portal_url": "",
            "primary_shared_key": "17f1GHOhEGFGxuWzSbzlPM+kEXRYy2nLUuvIeqA9ja8DPLq4P6mkkgJ+zqVqsxK73IUJReEPPVo6j3k0Kg+D7Q==",
            "resource_group_name": "testrg",
            "retention_in_days": 30,
            "secondary_shared_key": "WnQJQGVjXgksNPQQ1QkS1amDsWd4tV5Ieg1j1Gi/zVVD8vvQvpXjKQAq2pETjm6yXdWp3vAGgzY6a0rqueXBow==",
            "sku": "pergb2018",
            "tags": null,
            "timeouts": null,
            "workspace_id": "9b2025b7-3198-4d03-ac52-51b0be35be01"
          },
          "sensitive_attributes": [],
          "private": "eyJlMmJmYjczMC1lY2FhLTExZTYtOGY4OC0zNDM2M2JjN2M0YzAiOnsiY3JlYXRlIjoxODAwMDAwMDAwMDAwLCJkZWxldGUiOjE4MDAwMDAwMDAwMDAsInJlYWQiOjMwMDAwMDAwMDAwMCwidXBkYXRlIjoxODAwMDAwMDAwMDAwfSwic2NoZW1hX3ZlcnNpb24iOiIyIn0="
        }
      ]
    }
  ]
}
