{
  "version": 4,
  "terraform_version": "0.14.4",
  "serial": 18,
  "lineage": "14da9cfc-f7c9-5769-e23c-9b20cb19a403",
  "outputs": {},
  "resources": [
    {
      "module": "module.Log_Analytics_Workspace",
      "mode": "managed",
      "type": "azurerm_log_analytics_datasource_windows_performance_counter",
      "name": "windows_counter",
      "provider": "provider[\"registry.terraform.io/hashicorp/azurerm\"]",
      "instances": [
        {
          "index_key": 0,
          "schema_version": 0,
          "attributes": {
            "counter_name": "% Free Space",
            "id": "/subscriptions/98a3cdd0-9d53-4f45-84b5-f5a3b58c1f5f/resourceGroups/testrg/providers/Microsoft.OperationalInsights/workspaces/test-lgworkspace/datasources/disk-free-space",
            "instance_name": "*",
            "interval_seconds": 20,
            "name": "disk-free-space",
            "object_name": "LogicalDisk",
            "resource_group_name": "testrg",
            "timeouts": null,
            "workspace_name": "test-lgworkspace"
          },
          "sensitive_attributes": [],
          "private": "eyJlMmJmYjczMC1lY2FhLTExZTYtOGY4OC0zNDM2M2JjN2M0YzAiOnsiY3JlYXRlIjoxODAwMDAwMDAwMDAwLCJkZWxldGUiOjE4MDAwMDAwMDAwMDAsInJlYWQiOjMwMDAwMDAwMDAwMCwidXBkYXRlIjoxODAwMDAwMDAwMDAwfX0=",
          "dependencies": [
            "module.Log_Analytics_Workspace.azurerm_log_analytics_workspace.log_workspace"
          ]
        },
        {
          "index_key": 1,
          "schema_version": 0,
          "attributes": {
            "counter_name": "Avg. Disk Read/sec",
            "id": "/subscriptions/98a3cdd0-9d53-4f45-84b5-f5a3b58c1f5f/resourceGroups/testrg/providers/Microsoft.OperationalInsights/workspaces/test-lgworkspace/datasources/avg-disk-read",
            "instance_name": "*",
            "interval_seconds": 20,
            "name": "avg-disk-read",
            "object_name": "LogicalDisk",
            "resource_group_name": "testrg",
            "timeouts": null,
            "workspace_name": "test-lgworkspace"
          },
          "sensitive_attributes": [],
          "private": "eyJlMmJmYjczMC1lY2FhLTExZTYtOGY4OC0zNDM2M2JjN2M0YzAiOnsiY3JlYXRlIjoxODAwMDAwMDAwMDAwLCJkZWxldGUiOjE4MDAwMDAwMDAwMDAsInJlYWQiOjMwMDAwMDAwMDAwMCwidXBkYXRlIjoxODAwMDAwMDAwMDAwfX0=",
          "dependencies": [
            "module.Log_Analytics_Workspace.azurerm_log_analytics_workspace.log_workspace"
          ]
        },
        {
          "index_key": 2,
          "schema_version": 0,
          "attributes": {
            "counter_name": "Avg. Disk Write/sec",
            "id": "/subscriptions/98a3cdd0-9d53-4f45-84b5-f5a3b58c1f5f/resourceGroups/testrg/providers/Microsoft.OperationalInsights/workspaces/test-lgworkspace/datasources/avg-disk-write",
            "instance_name": "*",
            "interval_seconds": 20,
            "name": "avg-disk-write",
            "object_name": "LogicalDisk",
            "resource_group_name": "testrg",
            "timeouts": null,
            "workspace_name": "test-lgworkspace"
          },
          "sensitive_attributes": [],
          "private": "eyJlMmJmYjczMC1lY2FhLTExZTYtOGY4OC0zNDM2M2JjN2M0YzAiOnsiY3JlYXRlIjoxODAwMDAwMDAwMDAwLCJkZWxldGUiOjE4MDAwMDAwMDAwMDAsInJlYWQiOjMwMDAwMDAwMDAwMCwidXBkYXRlIjoxODAwMDAwMDAwMDAwfX0=",
          "dependencies": [
            "module.Log_Analytics_Workspace.azurerm_log_analytics_workspace.log_workspace"
          ]
        },
        {
          "index_key": 3,
          "schema_version": 0,
          "attributes": {
            "counter_name": "Current Disk Queue Length",
            "id": "/subscriptions/98a3cdd0-9d53-4f45-84b5-f5a3b58c1f5f/resourceGroups/testrg/providers/Microsoft.OperationalInsights/workspaces/test-lgworkspace/datasources/disk-queue-length",
            "instance_name": "*",
            "interval_seconds": 20,
            "name": "disk-queue-length",
            "object_name": "LogicalDisk",
            "resource_group_name": "testrg",
            "timeouts": null,
            "workspace_name": "test-lgworkspace"
          },
          "sensitive_attributes": [],
          "private": "eyJlMmJmYjczMC1lY2FhLTExZTYtOGY4OC0zNDM2M2JjN2M0YzAiOnsiY3JlYXRlIjoxODAwMDAwMDAwMDAwLCJkZWxldGUiOjE4MDAwMDAwMDAwMDAsInJlYWQiOjMwMDAwMDAwMDAwMCwidXBkYXRlIjoxODAwMDAwMDAwMDAwfX0=",
          "dependencies": [
            "module.Log_Analytics_Workspace.azurerm_log_analytics_workspace.log_workspace"
          ]
        },
        {
          "index_key": 4,
          "schema_version": 0,
          "attributes": {
            "counter_name": "Disk Reads/sec",
            "id": "/subscriptions/98a3cdd0-9d53-4f45-84b5-f5a3b58c1f5f/resourceGroups/testrg/providers/Microsoft.OperationalInsights/workspaces/test-lgworkspace/datasources/disk-reads",
            "instance_name": "*",
            "interval_seconds": 20,
            "name": "disk-reads",
            "object_name": "LogicalDisk",
            "resource_group_name": "testrg",
            "timeouts": null,
            "workspace_name": "test-lgworkspace"
          },
          "sensitive_attributes": [],
          "private": "eyJlMmJmYjczMC1lY2FhLTExZTYtOGY4OC0zNDM2M2JjN2M0YzAiOnsiY3JlYXRlIjoxODAwMDAwMDAwMDAwLCJkZWxldGUiOjE4MDAwMDAwMDAwMDAsInJlYWQiOjMwMDAwMDAwMDAwMCwidXBkYXRlIjoxODAwMDAwMDAwMDAwfX0=",
          "dependencies": [
            "module.Log_Analytics_Workspace.azurerm_log_analytics_workspace.log_workspace"
          ]
        },
        {
          "index_key": 5,
          "schema_version": 0,
          "attributes": {
            "counter_name": "Disk Transfers/sec",
            "id": "/subscriptions/98a3cdd0-9d53-4f45-84b5-f5a3b58c1f5f/resourceGroups/testrg/providers/Microsoft.OperationalInsights/workspaces/test-lgworkspace/datasources/disk-transfers",
            "instance_name": "*",
            "interval_seconds": 20,
            "name": "disk-transfers",
            "object_name": "LogicalDisk",
            "resource_group_name": "testrg",
            "timeouts": null,
            "workspace_name": "test-lgworkspace"
          },
          "sensitive_attributes": [],
          "private": "eyJlMmJmYjczMC1lY2FhLTExZTYtOGY4OC0zNDM2M2JjN2M0YzAiOnsiY3JlYXRlIjoxODAwMDAwMDAwMDAwLCJkZWxldGUiOjE4MDAwMDAwMDAwMDAsInJlYWQiOjMwMDAwMDAwMDAwMCwidXBkYXRlIjoxODAwMDAwMDAwMDAwfX0=",
          "dependencies": [
            "module.Log_Analytics_Workspace.azurerm_log_analytics_workspace.log_workspace"
          ]
        },
        {
          "index_key": 6,
          "schema_version": 0,
          "attributes": {
            "counter_name": "Disk Writes/sec",
            "id": "/subscriptions/98a3cdd0-9d53-4f45-84b5-f5a3b58c1f5f/resourceGroups/testrg/providers/Microsoft.OperationalInsights/workspaces/test-lgworkspace/datasources/disk-writes",
            "instance_name": "*",
            "interval_seconds": 20,
            "name": "disk-writes",
            "object_name": "LogicalDisk",
            "resource_group_name": "testrg",
            "timeouts": null,
            "workspace_name": "test-lgworkspace"
          },
          "sensitive_attributes": [],
          "private": "eyJlMmJmYjczMC1lY2FhLTExZTYtOGY4OC0zNDM2M2JjN2M0YzAiOnsiY3JlYXRlIjoxODAwMDAwMDAwMDAwLCJkZWxldGUiOjE4MDAwMDAwMDAwMDAsInJlYWQiOjMwMDAwMDAwMDAwMCwidXBkYXRlIjoxODAwMDAwMDAwMDAwfX0=",
          "dependencies": [
            "module.Log_Analytics_Workspace.azurerm_log_analytics_workspace.log_workspace"
          ]
        },
        {
          "index_key": 7,
          "schema_version": 0,
          "attributes": {
            "counter_name": "Free Megabytes",
            "id": "/subscriptions/98a3cdd0-9d53-4f45-84b5-f5a3b58c1f5f/resourceGroups/testrg/providers/Microsoft.OperationalInsights/workspaces/test-lgworkspace/datasources/disk-free-mb",
            "instance_name": "*",
            "interval_seconds": 20,
            "name": "disk-free-mb",
            "object_name": "LogicalDisk",
            "resource_group_name": "testrg",
            "timeouts": null,
            "workspace_name": "test-lgworkspace"
          },
          "sensitive_attributes": [],
          "private": "eyJlMmJmYjczMC1lY2FhLTExZTYtOGY4OC0zNDM2M2JjN2M0YzAiOnsiY3JlYXRlIjoxODAwMDAwMDAwMDAwLCJkZWxldGUiOjE4MDAwMDAwMDAwMDAsInJlYWQiOjMwMDAwMDAwMDAwMCwidXBkYXRlIjoxODAwMDAwMDAwMDAwfX0=",
          "dependencies": [
            "module.Log_Analytics_Workspace.azurerm_log_analytics_workspace.log_workspace"
          ]
        },
        {
          "index_key": 8,
          "schema_version": 0,
          "attributes": {
            "counter_name": "% Committed Bytes In Use",
            "id": "/subscriptions/98a3cdd0-9d53-4f45-84b5-f5a3b58c1f5f/resourceGroups/testrg/providers/Microsoft.OperationalInsights/workspaces/test-lgworkspace/datasources/memory-bytes-use",
            "instance_name": "*",
            "interval_seconds": 20,
            "name": "memory-bytes-use",
            "object_name": "Memory",
            "resource_group_name": "testrg",
            "timeouts": null,
            "workspace_name": "test-lgworkspace"
          },
          "sensitive_attributes": [],
          "private": "eyJlMmJmYjczMC1lY2FhLTExZTYtOGY4OC0zNDM2M2JjN2M0YzAiOnsiY3JlYXRlIjoxODAwMDAwMDAwMDAwLCJkZWxldGUiOjE4MDAwMDAwMDAwMDAsInJlYWQiOjMwMDAwMDAwMDAwMCwidXBkYXRlIjoxODAwMDAwMDAwMDAwfX0=",
          "dependencies": [
            "module.Log_Analytics_Workspace.azurerm_log_analytics_workspace.log_workspace"
          ]
        },
        {
          "index_key": 9,
          "schema_version": 0,
          "attributes": {
            "counter_name": "Available Mbytes",
            "id": "/subscriptions/98a3cdd0-9d53-4f45-84b5-f5a3b58c1f5f/resourceGroups/testrg/providers/Microsoft.OperationalInsights/workspaces/test-lgworkspace/datasources/memory-bytes-available",
            "instance_name": "*",
            "interval_seconds": 20,
            "name": "memory-bytes-available",
            "object_name": "Memory",
            "resource_group_name": "testrg",
            "timeouts": null,
            "workspace_name": "test-lgworkspace"
          },
          "sensitive_attributes": [],
          "private": "eyJlMmJmYjczMC1lY2FhLTExZTYtOGY4OC0zNDM2M2JjN2M0YzAiOnsiY3JlYXRlIjoxODAwMDAwMDAwMDAwLCJkZWxldGUiOjE4MDAwMDAwMDAwMDAsInJlYWQiOjMwMDAwMDAwMDAwMCwidXBkYXRlIjoxODAwMDAwMDAwMDAwfX0=",
          "dependencies": [
            "module.Log_Analytics_Workspace.azurerm_log_analytics_workspace.log_workspace"
          ]
        },
        {
          "index_key": 10,
          "schema_version": 0,
          "attributes": {
            "counter_name": "Bytes Received/sec",
            "id": "/subscriptions/98a3cdd0-9d53-4f45-84b5-f5a3b58c1f5f/resourceGroups/testrg/providers/Microsoft.OperationalInsights/workspaces/test-lgworkspace/datasources/network-bytes-received",
            "instance_name": "*",
            "interval_seconds": 20,
            "name": "network-bytes-received",
            "object_name": "Network Adapter",
            "resource_group_name": "testrg",
            "timeouts": null,
            "workspace_name": "test-lgworkspace"
          },
          "sensitive_attributes": [],
          "private": "eyJlMmJmYjczMC1lY2FhLTExZTYtOGY4OC0zNDM2M2JjN2M0YzAiOnsiY3JlYXRlIjoxODAwMDAwMDAwMDAwLCJkZWxldGUiOjE4MDAwMDAwMDAwMDAsInJlYWQiOjMwMDAwMDAwMDAwMCwidXBkYXRlIjoxODAwMDAwMDAwMDAwfX0=",
          "dependencies": [
            "module.Log_Analytics_Workspace.azurerm_log_analytics_workspace.log_workspace"
          ]
        },
        {
          "index_key": 11,
          "schema_version": 0,
          "attributes": {
            "counter_name": "Bytes Sent/sec",
            "id": "/subscriptions/98a3cdd0-9d53-4f45-84b5-f5a3b58c1f5f/resourceGroups/testrg/providers/Microsoft.OperationalInsights/workspaces/test-lgworkspace/datasources/network-bytes-sent",
            "instance_name": "*",
            "interval_seconds": 20,
            "name": "network-bytes-sent",
            "object_name": "Network Adapter",
            "resource_group_name": "testrg",
            "timeouts": null,
            "workspace_name": "test-lgworkspace"
          },
          "sensitive_attributes": [],
          "private": "eyJlMmJmYjczMC1lY2FhLTExZTYtOGY4OC0zNDM2M2JjN2M0YzAiOnsiY3JlYXRlIjoxODAwMDAwMDAwMDAwLCJkZWxldGUiOjE4MDAwMDAwMDAwMDAsInJlYWQiOjMwMDAwMDAwMDAwMCwidXBkYXRlIjoxODAwMDAwMDAwMDAwfX0=",
          "dependencies": [
            "module.Log_Analytics_Workspace.azurerm_log_analytics_workspace.log_workspace"
          ]
        },
        {
          "index_key": 12,
          "schema_version": 0,
          "attributes": {
            "counter_name": "Bytes Total/sec",
            "id": "/subscriptions/98a3cdd0-9d53-4f45-84b5-f5a3b58c1f5f/resourceGroups/testrg/providers/Microsoft.OperationalInsights/workspaces/test-lgworkspace/datasources/network-bytes-total",
            "instance_name": "*",
            "interval_seconds": 20,
            "name": "network-bytes-total",
            "object_name": "Network Interface",
            "resource_group_name": "testrg",
            "timeouts": null,
            "workspace_name": "test-lgworkspace"
          },
          "sensitive_attributes": [],
          "private": "eyJlMmJmYjczMC1lY2FhLTExZTYtOGY4OC0zNDM2M2JjN2M0YzAiOnsiY3JlYXRlIjoxODAwMDAwMDAwMDAwLCJkZWxldGUiOjE4MDAwMDAwMDAwMDAsInJlYWQiOjMwMDAwMDAwMDAwMCwidXBkYXRlIjoxODAwMDAwMDAwMDAwfX0=",
          "dependencies": [
            "module.Log_Analytics_Workspace.azurerm_log_analytics_workspace.log_workspace"
          ]
        },
        {
          "index_key": 13,
          "schema_version": 0,
          "attributes": {
            "counter_name": "% Processor Time",
            "id": "/subscriptions/98a3cdd0-9d53-4f45-84b5-f5a3b58c1f5f/resourceGroups/testrg/providers/Microsoft.OperationalInsights/workspaces/test-lgworkspace/datasources/processor-time",
            "instance_name": "*",
            "interval_seconds": 20,
            "name": "processor-time",
            "object_name": "Processor",
            "resource_group_name": "testrg",
            "timeouts": null,
            "workspace_name": "test-lgworkspace"
          },
          "sensitive_attributes": [],
          "private": "eyJlMmJmYjczMC1lY2FhLTExZTYtOGY4OC0zNDM2M2JjN2M0YzAiOnsiY3JlYXRlIjoxODAwMDAwMDAwMDAwLCJkZWxldGUiOjE4MDAwMDAwMDAwMDAsInJlYWQiOjMwMDAwMDAwMDAwMCwidXBkYXRlIjoxODAwMDAwMDAwMDAwfX0=",
          "dependencies": [
            "module.Log_Analytics_Workspace.azurerm_log_analytics_workspace.log_workspace"
          ]
        },
        {
          "index_key": 14,
          "schema_version": 0,
          "attributes": {
            "counter_name": "Processor Queue Length",
            "id": "/subscriptions/98a3cdd0-9d53-4f45-84b5-f5a3b58c1f5f/resourceGroups/testrg/providers/Microsoft.OperationalInsights/workspaces/test-lgworkspace/datasources/system-queue-length",
            "instance_name": "*",
            "interval_seconds": 20,
            "name": "system-queue-length",
            "object_name": "System",
            "resource_group_name": "testrg",
            "timeouts": null,
            "workspace_name": "test-lgworkspace"
          },
          "sensitive_attributes": [],
          "private": "eyJlMmJmYjczMC1lY2FhLTExZTYtOGY4OC0zNDM2M2JjN2M0YzAiOnsiY3JlYXRlIjoxODAwMDAwMDAwMDAwLCJkZWxldGUiOjE4MDAwMDAwMDAwMDAsInJlYWQiOjMwMDAwMDAwMDAwMCwidXBkYXRlIjoxODAwMDAwMDAwMDAwfX0=",
          "dependencies": [
            "module.Log_Analytics_Workspace.azurerm_log_analytics_workspace.log_workspace"
          ]
        }
      ]
    },
    {
      "module": "module.Log_Analytics_Workspace",
      "mode": "managed",
      "type": "azurerm_log_analytics_workspace",
      "name": "log_workspace",
      "provider": "provider[\"registry.terraform.io/hashicorp/azurerm\"]",
      "instances": [
        {
          "schema_version": 2,
          "attributes": {
            "daily_quota_gb": -1,
            "id": "/subscriptions/98a3cdd0-9d53-4f45-84b5-f5a3b58c1f5f/resourceGroups/testrg/providers/Microsoft.OperationalInsights/workspaces/test-lgworkspace",
            "internet_ingestion_enabled": true,
            "internet_query_enabled": true,
            "location": "eastus",
            "name": "test-lgworkspace",
            "portal_url": "",
            "primary_shared_key": "17f1GHOhEGFGxuWzSbzlPM+kEXRYy2nLUuvIeqA9ja8DPLq4P6mkkgJ+zqVqsxK73IUJReEPPVo6j3k0Kg+D7Q==",
            "resource_group_name": "testrg",
            "retention_in_days": 30,
            "secondary_shared_key": "WnQJQGVjXgksNPQQ1QkS1amDsWd4tV5Ieg1j1Gi/zVVD8vvQvpXjKQAq2pETjm6yXdWp3vAGgzY6a0rqueXBow==",
            "sku": "pergb2018",
            "tags": {},
            "timeouts": null,
            "workspace_id": "9b2025b7-3198-4d03-ac52-51b0be35be01"
          },
          "sensitive_attributes": [],
          "private": "eyJlMmJmYjczMC1lY2FhLTExZTYtOGY4OC0zNDM2M2JjN2M0YzAiOnsiY3JlYXRlIjoxODAwMDAwMDAwMDAwLCJkZWxldGUiOjE4MDAwMDAwMDAwMDAsInJlYWQiOjMwMDAwMDAwMDAwMCwidXBkYXRlIjoxODAwMDAwMDAwMDAwfSwic2NoZW1hX3ZlcnNpb24iOiIyIn0="
        }
      ]
    },
    {
      "module": "module.Log_Analytics_Workspace",
      "mode": "managed",
      "type": "azurerm_template_deployment",
      "name": "linux_counter",
      "provider": "provider[\"registry.terraform.io/hashicorp/azurerm\"]",
      "instances": [
        {
          "schema_version": 0,
          "attributes": {
            "deployment_mode": "incremental",
            "id": "/subscriptions/98a3cdd0-9d53-4f45-84b5-f5a3b58c1f5f/resourceGroups/testrg/providers/Microsoft.Resources/deployments/deployment1",
            "name": "deployment1",
            "outputs": {},
            "parameters": {
              "workspaceName": "test-lgworkspace"
            },
            "parameters_body": null,
            "resource_group_name": "testrg",
            "template_body": "{\"$schema\":\"https://schema.management.azure.com/schemas/2019-04-01/deploymentTemplate.json#\",\"contentVersion\":\"1.0.0.0\",\"parameters\":{\"workspaceName\":{\"metadata\":{\"description\":\"Workspace name\"},\"type\":\"string\"}},\"resources\":[{\"apiVersion\":\"2015-11-01-preview\",\"kind\":\"LinuxPerformanceObject\",\"name\":\"[concat(parameters('workspaceName'),'/LogicalDisk')]\",\"properties\":{\"instanceName\":\"*\",\"intervalSeconds\":60,\"objectName\":\"Logical Disk\",\"performanceCounters\":[{\"counterName\":\"% Used Inodes\"},{\"counterName\":\"Free Megabytes\"},{\"counterName\":\"% Used Space\"},{\"counterName\":\"Disk Transfers/sec\"},{\"counterName\":\"Disk Reads/sec\"},{\"counterName\":\"Disk Writes/sec\"}]},\"type\":\"Microsoft.OperationalInsights/workspaces/dataSources\"},{\"apiVersion\":\"2015-11-01-preview\",\"kind\":\"LinuxPerformanceObject\",\"name\":\"[concat(parameters('workspaceName'),'/Memory')]\",\"properties\":{\"instanceName\":\"*\",\"intervalSeconds\":60,\"objectName\":\"Memory\",\"performanceCounters\":[{\"counterName\":\"Available MBytes Memory\"},{\"counterName\":\"% Used Memory\"},{\"counterName\":\"% Used Swap Space\"}]},\"type\":\"Microsoft.OperationalInsights/workspaces/dataSources\"},{\"apiVersion\":\"2015-11-01-preview\",\"kind\":\"LinuxPerformanceObject\",\"name\":\"[concat(parameters('workspaceName'),'/Network')]\",\"properties\":{\"instanceName\":\"*\",\"intervalSeconds\":60,\"objectName\":\"Network \",\"performanceCounters\":[{\"counterName\":\"Total Bytes Transmitted\"},{\"counterName\":\"Total Bytes Received\"}]},\"type\":\"Microsoft.OperationalInsights/workspaces/dataSources\"},{\"apiVersion\":\"2015-11-01-preview\",\"kind\":\"LinuxPerformanceObject\",\"name\":\"[concat(parameters('workspaceName'),'/Processor')]\",\"properties\":{\"instanceName\":\"*\",\"intervalSeconds\":60,\"objectName\":\"Processor\",\"performanceCounters\":[{\"counterName\":\"% Processor Time\"},{\"counterName\":\"% Privileged Time\"}]},\"type\":\"Microsoft.OperationalInsights/workspaces/dataSources\"},{\"apiVersion\":\"2015-11-01-preview\",\"kind\":\"LinuxPerformanceCollection\",\"name\":\"[concat(parameters('workspaceName'),'/sampleLinuxPerfCollection1')]\",\"properties\":{\"state\":\"Enabled\"},\"type\":\"Microsoft.OperationalInsights/workspaces/dataSources\"}]}",
            "timeouts": null
          },
          "sensitive_attributes": [],
          "private": "eyJlMmJmYjczMC1lY2FhLTExZTYtOGY4OC0zNDM2M2JjN2M0YzAiOnsiY3JlYXRlIjoxMDgwMDAwMDAwMDAwMCwiZGVsZXRlIjoxMDgwMDAwMDAwMDAwMCwicmVhZCI6MzAwMDAwMDAwMDAwLCJ1cGRhdGUiOjEwODAwMDAwMDAwMDAwfX0=",
          "dependencies": [
            "module.Log_Analytics_Workspace.azurerm_log_analytics_workspace.log_workspace"
          ]
        }
      ]
    }
  ]
}
